
Microsoft Visual Studio Solution File, Format Version 12.00
# Visual Studio Version 17
VisualStudioVersion = 17.14.36414.22 d17.14
MinimumVisualStudioVersion = 10.0.40219.1
Project("{FAE04EC0-301F-11D3-BF4B-00C04F79EFBC}") = "2. School Management", "2. School Management\2. School Management.csproj", "{5C046A7F-2CF7-4BC8-8241-127F7887E291}"
EndProject
Global
	GlobalSection(SolutionConfigurationPlatforms) = preSolution
		Debug|Any CPU = Debug|Any CPU
		Release|Any CPU = Release|Any CPU
	EndGlobalSection
	GlobalSection(ProjectConfigurationPlatforms) = postSolution
		{5C046A7F-2CF7-4BC8-8241-127F7887E291}.Debug|Any CPU.ActiveCfg = Debug|Any CPU
		{5C046A7F-2CF7-4BC8-8241-127F7887E291}.Debug|Any CPU.Build.0 = Debug|Any CPU
		{5C046A7F-2CF7-4BC8-8241-127F7887E291}.Release|Any CPU.ActiveCfg = Release|Any CPU
		{5C046A7F-2CF7-4BC8-8241-127F7887E291}.Release|Any CPU.Build.0 = Release|Any CPU
	EndGlobalSection
	GlobalSection(SolutionProperties) = preSolution
		HideSolutionNode = FALSE
	EndGlobalSection
	GlobalSection(ExtensibilityGlobals) = postSolution
		SolutionGuid = {24946301-C797-4DA8-AA9C-90CA1F935F6E}
	EndGlobalSection
EndGlobal
